// !$*UTF8*$!
{
	archiveVersion = 1;
	classes = {
	};
	objectVersion = 56;
	objects = {

/* Begin PBXBuildFile section */
		2044F1142BF1CF5C006A6A6C /* proxycaller_aiApp.swift in Sources */ = {isa = PBXBuildFile; fileRef = 2044F1132BF1CF5C006A6A6C /* proxycaller_aiApp.swift */; };
		2044F1162BF1CF5C006A6A6C /* ContentView.swift in Sources */ = {isa = PBXBuildFile; fileRef = 2044F1152BF1CF5C006A6A6C /* ContentView.swift */; };
		2044F1182BF1CF5D006A6A6C /* Assets.xcassets in Resources */ = {isa = PBXBuildFile; fileRef = 2044F1172BF1CF5D006A6A6C /* Assets.xcassets */; };
		2044F11C2BF1CF5D006A6A6C /* Preview Assets.xcassets in Resources */ = {isa = PBXBuildFile; fileRef = 2044F11B2BF1CF5D006A6A6C /* Preview Assets.xcassets */; };
		2044F1262BF1CF5D006A6A6C /* proxycaller_aiTests.swift in Sources */ = {isa = PBXBuildFile; fileRef = 2044F1252BF1CF5D006A6A6C /* proxycaller_aiTests.swift */; };
		2044F1302BF1CF5D006A6A6C /* proxycaller_aiUITests.swift in Sources */ = {isa = PBXBuildFile; fileRef = 2044F12F2BF1CF5D006A6A6C /* proxycaller_aiUITests.swift */; };
		2044F1322BF1CF5D006A6A6C /* proxycaller_aiUITestsLaunchTests.swift in Sources */ = {isa = PBXBuildFile; fileRef = 2044F1312BF1CF5D006A6A6C /* proxycaller_aiUITestsLaunchTests.swift */; };
		2088A92D2BF319CA005B7A76 /* LoadingView.swift in Sources */ = {isa = PBXBuildFile; fileRef = 2088A92C2BF319CA005B7A76 /* LoadingView.swift */; };
		2088A92F2BF32187005B7A76 /* WeatherService.swift in Sources */ = {isa = PBXBuildFile; fileRef = 2088A92E2BF32187005B7A76 /* WeatherService.swift */; };
		208F1B322BF467A1002E8C64 /* WeatherView.swift in Sources */ = {isa = PBXBuildFile; fileRef = 208F1B312BF467A1002E8C64 /* WeatherView.swift */; };
		208F1B342BF46822002E8C64 /* ModelData.swift in Sources */ = {isa = PBXBuildFile; fileRef = 208F1B332BF46822002E8C64 /* ModelData.swift */; };
		208F1B362BF4698E002E8C64 /* weatherData.json in Resources */ = {isa = PBXBuildFile; fileRef = 208F1B352BF4698E002E8C64 /* weatherData.json */; };
		208F1B382BF46B7A002E8C64 /* Extensions.swift in Sources */ = {isa = PBXBuildFile; fileRef = 208F1B372BF46B7A002E8C64 /* Extensions.swift */; };
		20AC16C62BF5BBF300BBDDEE /* WeatherRow.swift in Sources */ = {isa = PBXBuildFile; fileRef = 20AC16C52BF5BBF300BBDDEE /* WeatherRow.swift */; };
		20D0DA442BF305450049B7E3 /* locationServices.swift in Sources */ = {isa = PBXBuildFile; fileRef = 20D0DA432BF305450049B7E3 /* locationServices.swift */; };
		20D0DA482BF30D0C0049B7E3 /* WelcomeView.swift in Sources */ = {isa = PBXBuildFile; fileRef = 20D0DA472BF30D0C0049B7E3 /* WelcomeView.swift */; };
/* End PBXBuildFile section */

/* Begin PBXContainerItemProxy section */
		2044F1222BF1CF5D006A6A6C /* PBXContainerItemProxy */ = {
			isa = PBXContainerItemProxy;
			containerPortal = 2044F1082BF1CF5C006A6A6C /* Project object */;
			proxyType = 1;
			remoteGlobalIDString = 2044F10F2BF1CF5C006A6A6C;
			remoteInfo = "proxycaller-ai";
		};
		2044F12C2BF1CF5D006A6A6C /* PBXContainerItemProxy */ = {
			isa = PBXContainerItemProxy;
			containerPortal = 2044F1082BF1CF5C006A6A6C /* Project object */;
			proxyType = 1;
			remoteGlobalIDString = 2044F10F2BF1CF5C006A6A6C;
			remoteInfo = "proxycaller-ai";
		};
/* End PBXContainerItemProxy section */

/* Begin PBXFileReference section */
		2044F1102BF1CF5C006A6A6C /* proxycaller-ai.app */ = {isa = PBXFileReference; explicitFileType = wrapper.application; includeInIndex = 0; path = "proxycaller-ai.app"; sourceTree = BUILT_PRODUCTS_DIR; };
		2044F1132BF1CF5C006A6A6C /* proxycaller_aiApp.swift */ = {isa = PBXFileReference; lastKnownFileType = sourcecode.swift; path = proxycaller_aiApp.swift; sourceTree = "<group>"; };
		2044F1152BF1CF5C006A6A6C /* ContentView.swift */ = {isa = PBXFileReference; lastKnownFileType = sourcecode.swift; path = ContentView.swift; sourceTree = "<group>"; };
		2044F1172BF1CF5D006A6A6C /* Assets.xcassets */ = {isa = PBXFileReference; lastKnownFileType = folder.assetcatalog; path = Assets.xcassets; sourceTree = "<group>"; };
		2044F1192BF1CF5D006A6A6C /* proxycaller_ai.entitlements */ = {isa = PBXFileReference; lastKnownFileType = text.plist.entitlements; path = proxycaller_ai.entitlements; sourceTree = "<group>"; };
		2044F11B2BF1CF5D006A6A6C /* Preview Assets.xcassets */ = {isa = PBXFileReference; lastKnownFileType = folder.assetcatalog; path = "Preview Assets.xcassets"; sourceTree = "<group>"; };
		2044F1212BF1CF5D006A6A6C /* proxycaller-aiTests.xctest */ = {isa = PBXFileReference; explicitFileType = wrapper.cfbundle; includeInIndex = 0; path = "proxycaller-aiTests.xctest"; sourceTree = BUILT_PRODUCTS_DIR; };
		2044F1252BF1CF5D006A6A6C /* proxycaller_aiTests.swift */ = {isa = PBXFileReference; lastKnownFileType = sourcecode.swift; path = proxycaller_aiTests.swift; sourceTree = "<group>"; };
		2044F12B2BF1CF5D006A6A6C /* proxycaller-aiUITests.xctest */ = {isa = PBXFileReference; explicitFileType = wrapper.cfbundle; includeInIndex = 0; path = "proxycaller-aiUITests.xctest"; sourceTree = BUILT_PRODUCTS_DIR; };
		2044F12F2BF1CF5D006A6A6C /* proxycaller_aiUITests.swift */ = {isa = PBXFileReference; lastKnownFileType = sourcecode.swift; path = proxycaller_aiUITests.swift; sourceTree = "<group>"; };
		2044F1312BF1CF5D006A6A6C /* proxycaller_aiUITestsLaunchTests.swift */ = {isa = PBXFileReference; lastKnownFileType = sourcecode.swift; path = proxycaller_aiUITestsLaunchTests.swift; sourceTree = "<group>"; };
		2088A92C2BF319CA005B7A76 /* LoadingView.swift */ = {isa = PBXFileReference; lastKnownFileType = sourcecode.swift; path = LoadingView.swift; sourceTree = "<group>"; };
		2088A92E2BF32187005B7A76 /* WeatherService.swift */ = {isa = PBXFileReference; lastKnownFileType = sourcecode.swift; path = WeatherService.swift; sourceTree = "<group>"; };
		208F1B312BF467A1002E8C64 /* WeatherView.swift */ = {isa = PBXFileReference; lastKnownFileType = sourcecode.swift; path = WeatherView.swift; sourceTree = "<group>"; };
		208F1B332BF46822002E8C64 /* ModelData.swift */ = {isa = PBXFileReference; lastKnownFileType = sourcecode.swift; path = ModelData.swift; sourceTree = "<group>"; };
		208F1B352BF4698E002E8C64 /* weatherData.json */ = {isa = PBXFileReference; lastKnownFileType = text.json; path = weatherData.json; sourceTree = "<group>"; };
		208F1B372BF46B7A002E8C64 /* Extensions.swift */ = {isa = PBXFileReference; lastKnownFileType = sourcecode.swift; path = Extensions.swift; sourceTree = "<group>"; };
		20AC16C52BF5BBF300BBDDEE /* WeatherRow.swift */ = {isa = PBXFileReference; lastKnownFileType = sourcecode.swift; path = WeatherRow.swift; sourceTree = "<group>"; };
		20D0DA432BF305450049B7E3 /* locationServices.swift */ = {isa = PBXFileReference; lastKnownFileType = sourcecode.swift; path = locationServices.swift; sourceTree = "<group>"; };
		20D0DA472BF30D0C0049B7E3 /* WelcomeView.swift */ = {isa = PBXFileReference; lastKnownFileType = sourcecode.swift; path = WelcomeView.swift; sourceTree = "<group>"; };
/* End PBXFileReference section */

/* Begin PBXFrameworksBuildPhase section */
		2044F10D2BF1CF5C006A6A6C /* Frameworks */ = {
			isa = PBXFrameworksBuildPhase;
			buildActionMask = 2147483647;
			files = (
			);
			runOnlyForDeploymentPostprocessing = 0;
		};
		2044F11E2BF1CF5D006A6A6C /* Frameworks */ = {
			isa = PBXFrameworksBuildPhase;
			buildActionMask = 2147483647;
			files = (
			);
			runOnlyForDeploymentPostprocessing = 0;
		};
		2044F1282BF1CF5D006A6A6C /* Frameworks */ = {
			isa = PBXFrameworksBuildPhase;
			buildActionMask = 2147483647;
			files = (
			);
			runOnlyForDeploymentPostprocessing = 0;
		};
/* End PBXFrameworksBuildPhase section */

/* Begin PBXGroup section */
		2044F1072BF1CF5C006A6A6C = {
			isa = PBXGroup;
			children = (
				2044F1122BF1CF5C006A6A6C /* proxycaller-ai */,
				2044F1242BF1CF5D006A6A6C /* proxycaller-aiTests */,
				2044F12E2BF1CF5D006A6A6C /* proxycaller-aiUITests */,
				2044F1112BF1CF5C006A6A6C /* Products */,
			);
			sourceTree = "<group>";
		};
		2044F1112BF1CF5C006A6A6C /* Products */ = {
			isa = PBXGroup;
			children = (
				2044F1102BF1CF5C006A6A6C /* proxycaller-ai.app */,
				2044F1212BF1CF5D006A6A6C /* proxycaller-aiTests.xctest */,
				2044F12B2BF1CF5D006A6A6C /* proxycaller-aiUITests.xctest */,
			);
			name = Products;
			sourceTree = "<group>";
		};
		2044F1122BF1CF5C006A6A6C /* proxycaller-ai */ = {
			isa = PBXGroup;
			children = (
				20AC16C42BF5BBDB00BBDDEE /* Components */,
				20D0DA462BF30ABB0049B7E3 /* Views */,
				20D0DA422BF305050049B7E3 /* services */,
				2044F1132BF1CF5C006A6A6C /* proxycaller_aiApp.swift */,
				208F1B372BF46B7A002E8C64 /* Extensions.swift */,
				2044F1172BF1CF5D006A6A6C /* Assets.xcassets */,
				2044F1192BF1CF5D006A6A6C /* proxycaller_ai.entitlements */,
				2044F11A2BF1CF5D006A6A6C /* Preview Content */,
			);
			path = "proxycaller-ai";
			sourceTree = "<group>";
		};
		2044F11A2BF1CF5D006A6A6C /* Preview Content */ = {
			isa = PBXGroup;
			children = (
				2044F11B2BF1CF5D006A6A6C /* Preview Assets.xcassets */,
				208F1B332BF46822002E8C64 /* ModelData.swift */,
				208F1B352BF4698E002E8C64 /* weatherData.json */,
			);
			path = "Preview Content";
			sourceTree = "<group>";
		};
		2044F1242BF1CF5D006A6A6C /* proxycaller-aiTests */ = {
			isa = PBXGroup;
			children = (
				2044F1252BF1CF5D006A6A6C /* proxycaller_aiTests.swift */,
			);
			path = "proxycaller-aiTests";
			sourceTree = "<group>";
		};
		2044F12E2BF1CF5D006A6A6C /* proxycaller-aiUITests */ = {
			isa = PBXGroup;
			children = (
				2044F12F2BF1CF5D006A6A6C /* proxycaller_aiUITests.swift */,
				2044F1312BF1CF5D006A6A6C /* proxycaller_aiUITestsLaunchTests.swift */,
			);
			path = "proxycaller-aiUITests";
			sourceTree = "<group>";
		};
		20AC16C42BF5BBDB00BBDDEE /* Components */ = {
			isa = PBXGroup;
			children = (
				20AC16C52BF5BBF300BBDDEE /* WeatherRow.swift */,
			);
			path = Components;
			sourceTree = "<group>";
		};
		20D0DA422BF305050049B7E3 /* services */ = {
			isa = PBXGroup;
			children = (
				20D0DA432BF305450049B7E3 /* locationServices.swift */,
				2088A92E2BF32187005B7A76 /* WeatherService.swift */,
			);
			path = services;
			sourceTree = "<group>";
		};
		20D0DA462BF30ABB0049B7E3 /* Views */ = {
			isa = PBXGroup;
			children = (
				2044F1152BF1CF5C006A6A6C /* ContentView.swift */,
				20D0DA472BF30D0C0049B7E3 /* WelcomeView.swift */,
				2088A92C2BF319CA005B7A76 /* LoadingView.swift */,
				208F1B312BF467A1002E8C64 /* WeatherView.swift */,
			);
			path = Views;
			sourceTree = "<group>";
		};
/* End PBXGroup section */

/* Begin PBXNativeTarget section */
		2044F10F2BF1CF5C006A6A6C /* proxycaller-ai */ = {
			isa = PBXNativeTarget;
			buildConfigurationList = 2044F1352BF1CF5D006A6A6C /* Build configuration list for PBXNativeTarget "proxycaller-ai" */;
			buildPhases = (
				2044F10C2BF1CF5C006A6A6C /* Sources */,
				2044F10D2BF1CF5C006A6A6C /* Frameworks */,
				2044F10E2BF1CF5C006A6A6C /* Resources */,
			);
			buildRules = (
			);
			dependencies = (
			);
			name = "proxycaller-ai";
			productName = "proxycaller-ai";
			productReference = 2044F1102BF1CF5C006A6A6C /* proxycaller-ai.app */;
			productType = "com.apple.product-type.application";
		};
		2044F1202BF1CF5D006A6A6C /* proxycaller-aiTests */ = {
			isa = PBXNativeTarget;
			buildConfigurationList = 2044F1382BF1CF5D006A6A6C /* Build configuration list for PBXNativeTarget "proxycaller-aiTests" */;
			buildPhases = (
				2044F11D2BF1CF5D006A6A6C /* Sources */,
				2044F11E2BF1CF5D006A6A6C /* Frameworks */,
				2044F11F2BF1CF5D006A6A6C /* Resources */,
			);
			buildRules = (
			);
			dependencies = (
				2044F1232BF1CF5D006A6A6C /* PBXTargetDependency */,
			);
			name = "proxycaller-aiTests";
			productName = "proxycaller-aiTests";
			productReference = 2044F1212BF1CF5D006A6A6C /* proxycaller-aiTests.xctest */;
			productType = "com.apple.product-type.bundle.unit-test";
		};
		2044F12A2BF1CF5D006A6A6C /* proxycaller-aiUITests */ = {
			isa = PBXNativeTarget;
			buildConfigurationList = 2044F13B2BF1CF5D006A6A6C /* Build configuration list for PBXNativeTarget "proxycaller-aiUITests" */;
			buildPhases = (
				2044F1272BF1CF5D006A6A6C /* Sources */,
				2044F1282BF1CF5D006A6A6C /* Frameworks */,
				2044F1292BF1CF5D006A6A6C /* Resources */,
			);
			buildRules = (
			);
			dependencies = (
				2044F12D2BF1CF5D006A6A6C /* PBXTargetDependency */,
			);
			name = "proxycaller-aiUITests";
			productName = "proxycaller-aiUITests";
			productReference = 2044F12B2BF1CF5D006A6A6C /* proxycaller-aiUITests.xctest */;
			productType = "com.apple.product-type.bundle.ui-testing";
		};
/* End PBXNativeTarget section */

/* Begin PBXProject section */
		2044F1082BF1CF5C006A6A6C /* Project object */ = {
			isa = PBXProject;
			attributes = {
				BuildIndependentTargetsInParallel = 1;
				LastSwiftUpdateCheck = 1530;
				LastUpgradeCheck = 1540;
				TargetAttributes = {
					2044F10F2BF1CF5C006A6A6C = {
						CreatedOnToolsVersion = 15.3;
					};
					2044F1202BF1CF5D006A6A6C = {
						CreatedOnToolsVersion = 15.3;
						TestTargetID = 2044F10F2BF1CF5C006A6A6C;
					};
					2044F12A2BF1CF5D006A6A6C = {
						CreatedOnToolsVersion = 15.3;
						TestTargetID = 2044F10F2BF1CF5C006A6A6C;
					};
				};
			};
			buildConfigurationList = 2044F10B2BF1CF5C006A6A6C /* Build configuration list for PBXProject "proxycaller-ai" */;
			compatibilityVersion = "Xcode 14.0";
			developmentRegion = en;
			hasScannedForEncodings = 0;
			knownRegions = (
				en,
				Base,
			);
			mainGroup = 2044F1072BF1CF5C006A6A6C;
			productRefGroup = 2044F1112BF1CF5C006A6A6C /* Products */;
			projectDirPath = "";
			projectRoot = "";
			targets = (
				2044F10F2BF1CF5C006A6A6C /* proxycaller-ai */,
				2044F1202BF1CF5D006A6A6C /* proxycaller-aiTests */,
				2044F12A2BF1CF5D006A6A6C /* proxycaller-aiUITests */,
			);
		};
/* End PBXProject section */

/* Begin PBXResourcesBuildPhase section */
		2044F10E2BF1CF5C006A6A6C /* Resources */ = {
			isa = PBXResourcesBuildPhase;
			buildActionMask = 2147483647;
			files = (
				2044F11C2BF1CF5D006A6A6C /* Preview Assets.xcassets in Resources */,
				208F1B362BF4698E002E8C64 /* weatherData.json in Resources */,
				2044F1182BF1CF5D006A6A6C /* Assets.xcassets in Resources */,
			);
			runOnlyForDeploymentPostprocessing = 0;
		};
		2044F11F2BF1CF5D006A6A6C /* Resources */ = {
			isa = PBXResourcesBuildPhase;
			buildActionMask = 2147483647;
			files = (
			);
			runOnlyForDeploymentPostprocessing = 0;
		};
		2044F1292BF1CF5D006A6A6C /* Resources */ = {
			isa = PBXResourcesBuildPhase;
			buildActionMask = 2147483647;
			files = (
			);
			runOnlyForDeploymentPostprocessing = 0;
		};
/* End PBXResourcesBuildPhase section */

/* Begin PBXSourcesBuildPhase section */
		2044F10C2BF1CF5C006A6A6C /* Sources */ = {
			isa = PBXSourcesBuildPhase;
			buildActionMask = 2147483647;
			files = (
				2044F1162BF1CF5C006A6A6C /* ContentView.swift in Sources */,
				208F1B382BF46B7A002E8C64 /* Extensions.swift in Sources */,
				2044F1142BF1CF5C006A6A6C /* proxycaller_aiApp.swift in Sources */,
				20D0DA442BF305450049B7E3 /* locationServices.swift in Sources */,
				2088A92D2BF319CA005B7A76 /* LoadingView.swift in Sources */,
				20AC16C62BF5BBF300BBDDEE /* WeatherRow.swift in Sources */,
				2088A92F2BF32187005B7A76 /* WeatherService.swift in Sources */,
				208F1B342BF46822002E8C64 /* ModelData.swift in Sources */,
				208F1B322BF467A1002E8C64 /* WeatherView.swift in Sources */,
				20D0DA482BF30D0C0049B7E3 /* WelcomeView.swift in Sources */,
			);
			runOnlyForDeploymentPostprocessing = 0;
		};
		2044F11D2BF1CF5D006A6A6C /* Sources */ = {
			isa = PBXSourcesBuildPhase;
			buildActionMask = 2147483647;
			files = (
				2044F1262BF1CF5D006A6A6C /* proxycaller_aiTests.swift in Sources */,
			);
			runOnlyForDeploymentPostprocessing = 0;
		};
		2044F1272BF1CF5D006A6A6C /* Sources */ = {
			isa = PBXSourcesBuildPhase;
			buildActionMask = 2147483647;
			files = (
				2044F1322BF1CF5D006A6A6C /* proxycaller_aiUITestsLaunchTests.swift in Sources */,
				2044F1302BF1CF5D006A6A6C /* proxycaller_aiUITests.swift in Sources */,
			);
			runOnlyForDeploymentPostprocessing = 0;
		};
/* End PBXSourcesBuildPhase section */

/* Begin PBXTargetDependency section */
		2044F1232BF1CF5D006A6A6C /* PBXTargetDependency */ = {
			isa = PBXTargetDependency;
			target = 2044F10F2BF1CF5C006A6A6C /* proxycaller-ai */;
			targetProxy = 2044F1222BF1CF5D006A6A6C /* PBXContainerItemProxy */;
		};
		2044F12D2BF1CF5D006A6A6C /* PBXTargetDependency */ = {
			isa = PBXTargetDependency;
			target = 2044F10F2BF1CF5C006A6A6C /* proxycaller-ai */;
			targetProxy = 2044F12C2BF1CF5D006A6A6C /* PBXContainerItemProxy */;
		};
/* End PBXTargetDependency section */

/* Begin XCBuildConfiguration section */
		2044F1332BF1CF5D006A6A6C /* Debug */ = {
			isa = XCBuildConfiguration;
			buildSettings = {
				ALWAYS_SEARCH_USER_PATHS = NO;
				ASSETCATALOG_COMPILER_GENERATE_SWIFT_ASSET_SYMBOL_EXTENSIONS = YES;
				CLANG_ANALYZER_NONNULL = YES;
				CLANG_ANALYZER_NUMBER_OBJECT_CONVERSION = YES_AGGRESSIVE;
				CLANG_CXX_LANGUAGE_STANDARD = "gnu++20";
				CLANG_ENABLE_MODULES = YES;
				CLANG_ENABLE_OBJC_ARC = YES;
				CLANG_ENABLE_OBJC_WEAK = YES;
				CLANG_WARN_BLOCK_CAPTURE_AUTORELEASING = YES;
				CLANG_WARN_BOOL_CONVERSION = YES;
				CLANG_WARN_COMMA = YES;
				CLANG_WARN_CONSTANT_CONVERSION = YES;
				CLANG_WARN_DEPRECATED_OBJC_IMPLEMENTATIONS = YES;
				CLANG_WARN_DIRECT_OBJC_ISA_USAGE = YES_ERROR;
				CLANG_WARN_DOCUMENTATION_COMMENTS = YES;
				CLANG_WARN_EMPTY_BODY = YES;
				CLANG_WARN_ENUM_CONVERSION = YES;
				CLANG_WARN_INFINITE_RECURSION = YES;
				CLANG_WARN_INT_CONVERSION = YES;
				CLANG_WARN_NON_LITERAL_NULL_CONVERSION = YES;
				CLANG_WARN_OBJC_IMPLICIT_RETAIN_SELF = YES;
				CLANG_WARN_OBJC_LITERAL_CONVERSION = YES;
				CLANG_WARN_OBJC_ROOT_CLASS = YES_ERROR;
				CLANG_WARN_QUOTED_INCLUDE_IN_FRAMEWORK_HEADER = YES;
				CLANG_WARN_RANGE_LOOP_ANALYSIS = YES;
				CLANG_WARN_STRICT_PROTOTYPES = YES;
				CLANG_WARN_SUSPICIOUS_MOVE = YES;
				CLANG_WARN_UNGUARDED_AVAILABILITY = YES_AGGRESSIVE;
				CLANG_WARN_UNREACHABLE_CODE = YES;
				CLANG_WARN__DUPLICATE_METHOD_MATCH = YES;
				COPY_PHASE_STRIP = NO;
				DEAD_CODE_STRIPPING = YES;
				DEBUG_INFORMATION_FORMAT = dwarf;
				ENABLE_STRICT_OBJC_MSGSEND = YES;
				ENABLE_TESTABILITY = YES;
				ENABLE_USER_SCRIPT_SANDBOXING = YES;
				GCC_C_LANGUAGE_STANDARD = gnu17;
				GCC_DYNAMIC_NO_PIC = NO;
				GCC_NO_COMMON_BLOCKS = YES;
				GCC_OPTIMIZATION_LEVEL = 0;
				GCC_PREPROCESSOR_DEFINITIONS = (
					"DEBUG=1",
					"$(inherited)",
				);
				GCC_WARN_64_TO_32_BIT_CONVERSION = YES;
				GCC_WARN_ABOUT_RETURN_TYPE = YES_ERROR;
				GCC_WARN_UNDECLARED_SELECTOR = YES;
				GCC_WARN_UNINITIALIZED_AUTOS = YES_AGGRESSIVE;
				GCC_WARN_UNUSED_FUNCTION = YES;
				GCC_WARN_UNUSED_VARIABLE = YES;
				LOCALIZATION_PREFERS_STRING_CATALOGS = YES;
				MTL_ENABLE_DEBUG_INFO = INCLUDE_SOURCE;
				MTL_FAST_MATH = YES;
				ONLY_ACTIVE_ARCH = YES;
				SWIFT_ACTIVE_COMPILATION_CONDITIONS = "DEBUG $(inherited)";
				SWIFT_OPTIMIZATION_LEVEL = "-Onone";
			};
			name = Debug;
		};
		2044F1342BF1CF5D006A6A6C /* Release */ = {
			isa = XCBuildConfiguration;
			buildSettings = {
				ALWAYS_SEARCH_USER_PATHS = NO;
				ASSETCATALOG_COMPILER_GENERATE_SWIFT_ASSET_SYMBOL_EXTENSIONS = YES;
				CLANG_ANALYZER_NONNULL = YES;
				CLANG_ANALYZER_NUMBER_OBJECT_CONVERSION = YES_AGGRESSIVE;
				CLANG_CXX_LANGUAGE_STANDARD = "gnu++20";
				CLANG_ENABLE_MODULES = YES;
				CLANG_ENABLE_OBJC_ARC = YES;
				CLANG_ENABLE_OBJC_WEAK = YES;
				CLANG_WARN_BLOCK_CAPTURE_AUTORELEASING = YES;
				CLANG_WARN_BOOL_CONVERSION = YES;
				CLANG_WARN_COMMA = YES;
				CLANG_WARN_CONSTANT_CONVERSION = YES;
				CLANG_WARN_DEPRECATED_OBJC_IMPLEMENTATIONS = YES;
				CLANG_WARN_DIRECT_OBJC_ISA_USAGE = YES_ERROR;
				CLANG_WARN_DOCUMENTATION_COMMENTS = YES;
				CLANG_WARN_EMPTY_BODY = YES;
				CLANG_WARN_ENUM_CONVERSION = YES;
				CLANG_WARN_INFINITE_RECURSION = YES;
				CLANG_WARN_INT_CONVERSION = YES;
				CLANG_WARN_NON_LITERAL_NULL_CONVERSION = YES;
				CLANG_WARN_OBJC_IMPLICIT_RETAIN_SELF = YES;
				CLANG_WARN_OBJC_LITERAL_CONVERSION = YES;
				CLANG_WARN_OBJC_ROOT_CLASS = YES_ERROR;
				CLANG_WARN_QUOTED_INCLUDE_IN_FRAMEWORK_HEADER = YES;
				CLANG_WARN_RANGE_LOOP_ANALYSIS = YES;
				CLANG_WARN_STRICT_PROTOTYPES = YES;
				CLANG_WARN_SUSPICIOUS_MOVE = YES;
				CLANG_WARN_UNGUARDED_AVAILABILITY = YES_AGGRESSIVE;
				CLANG_WARN_UNREACHABLE_CODE = YES;
				CLANG_WARN__DUPLICATE_METHOD_MATCH = YES;
				COPY_PHASE_STRIP = NO;
				DEAD_CODE_STRIPPING = YES;
				DEBUG_INFORMATION_FORMAT = "dwarf-with-dsym";
				ENABLE_NS_ASSERTIONS = NO;
				ENABLE_STRICT_OBJC_MSGSEND = YES;
				ENABLE_USER_SCRIPT_SANDBOXING = YES;
				GCC_C_LANGUAGE_STANDARD = gnu17;
				GCC_NO_COMMON_BLOCKS = YES;
				GCC_WARN_64_TO_32_BIT_CONVERSION = YES;
				GCC_WARN_ABOUT_RETURN_TYPE = YES_ERROR;
				GCC_WARN_UNDECLARED_SELECTOR = YES;
				GCC_WARN_UNINITIALIZED_AUTOS = YES_AGGRESSIVE;
				GCC_WARN_UNUSED_FUNCTION = YES;
				GCC_WARN_UNUSED_VARIABLE = YES;
				LOCALIZATION_PREFERS_STRING_CATALOGS = YES;
				MTL_ENABLE_DEBUG_INFO = NO;
				MTL_FAST_MATH = YES;
				SWIFT_COMPILATION_MODE = wholemodule;
			};
			name = Release;
		};
		2044F1362BF1CF5D006A6A6C /* Debug */ = {
			isa = XCBuildConfiguration;
			buildSettings = {
				ASSETCATALOG_COMPILER_APPICON_NAME = AppIcon;
				ASSETCATALOG_COMPILER_GLOBAL_ACCENT_COLOR_NAME = AccentColor;
				CODE_SIGN_ENTITLEMENTS = "proxycaller-ai/proxycaller_ai.entitlements";
				CODE_SIGN_STYLE = Automatic;
				CURRENT_PROJECT_VERSION = 1;
				DEAD_CODE_STRIPPING = YES;
				DEVELOPMENT_ASSET_PATHS = "\"proxycaller-ai/Preview Content\"";
				DEVELOPMENT_TEAM = FPQQAW92K3;
				ENABLE_PREVIEWS = YES;
				GENERATE_INFOPLIST_FILE = YES;
				"INFOPLIST_KEY_UIApplicationSceneManifest_Generation[sdk=iphoneos*]" = YES;
				"INFOPLIST_KEY_UIApplicationSceneManifest_Generation[sdk=iphonesimulator*]" = YES;
				"INFOPLIST_KEY_UIApplicationSupportsIndirectInputEvents[sdk=iphoneos*]" = YES;
				"INFOPLIST_KEY_UIApplicationSupportsIndirectInputEvents[sdk=iphonesimulator*]" = YES;
				"INFOPLIST_KEY_UILaunchScreen_Generation[sdk=iphoneos*]" = YES;
				"INFOPLIST_KEY_UILaunchScreen_Generation[sdk=iphonesimulator*]" = YES;
				"INFOPLIST_KEY_UIStatusBarStyle[sdk=iphoneos*]" = UIStatusBarStyleDefault;
				"INFOPLIST_KEY_UIStatusBarStyle[sdk=iphonesimulator*]" = UIStatusBarStyleDefault;
				INFOPLIST_KEY_UISupportedInterfaceOrientations_iPad = "UIInterfaceOrientationPortrait UIInterfaceOrientationPortraitUpsideDown UIInterfaceOrientationLandscapeLeft UIInterfaceOrientationLandscapeRight";
				INFOPLIST_KEY_UISupportedInterfaceOrientations_iPhone = "UIInterfaceOrientationPortrait UIInterfaceOrientationLandscapeLeft UIInterfaceOrientationLandscapeRight";
				IPHONEOS_DEPLOYMENT_TARGET = 17.0;
				LD_RUNPATH_SEARCH_PATHS = "@executable_path/Frameworks";
				"LD_RUNPATH_SEARCH_PATHS[sdk=macosx*]" = "@executable_path/../Frameworks";
				MACOSX_DEPLOYMENT_TARGET = 14.4;
				MARKETING_VERSION = 1.0;
				PRODUCT_BUNDLE_IDENTIFIER = "philipdaquin.proxycaller-ai";
				PRODUCT_NAME = "$(TARGET_NAME)";
				SDKROOT = auto;
				SUPPORTED_PLATFORMS = "iphoneos iphonesimulator macosx";
				SWIFT_EMIT_LOC_STRINGS = YES;
				SWIFT_VERSION = 5.0;
				TARGETED_DEVICE_FAMILY = "1,2";
			};
			name = Debug;
		};
		2044F1372BF1CF5D006A6A6C /* Release */ = {
			isa = XCBuildConfiguration;
			buildSettings = {
				ASSETCATALOG_COMPILER_APPICON_NAME = AppIcon;
				ASSETCATALOG_COMPILER_GLOBAL_ACCENT_COLOR_NAME = AccentColor;
				CODE_SIGN_ENTITLEMENTS = "proxycaller-ai/proxycaller_ai.entitlements";
				CODE_SIGN_STYLE = Automatic;
				CURRENT_PROJECT_VERSION = 1;
				DEAD_CODE_STRIPPING = YES;
				DEVELOPMENT_ASSET_PATHS = "\"proxycaller-ai/Preview Content\"";
				DEVELOPMENT_TEAM = FPQQAW92K3;
				ENABLE_PREVIEWS = YES;
				GENERATE_INFOPLIST_FILE = YES;
				"INFOPLIST_KEY_UIApplicationSceneManifest_Generation[sdk=iphoneos*]" = YES;
				"INFOPLIST_KEY_UIApplicationSceneManifest_Generation[sdk=iphonesimulator*]" = YES;
				"INFOPLIST_KEY_UIApplicationSupportsIndirectInputEvents[sdk=iphoneos*]" = YES;
				"INFOPLIST_KEY_UIApplicationSupportsIndirectInputEvents[sdk=iphonesimulator*]" = YES;
				"INFOPLIST_KEY_UILaunchScreen_Generation[sdk=iphoneos*]" = YES;
				"INFOPLIST_KEY_UILaunchScreen_Generation[sdk=iphonesimulator*]" = YES;
				"INFOPLIST_KEY_UIStatusBarStyle[sdk=iphoneos*]" = UIStatusBarStyleDefault;
				"INFOPLIST_KEY_UIStatusBarStyle[sdk=iphonesimulator*]" = UIStatusBarStyleDefault;
				INFOPLIST_KEY_UISupportedInterfaceOrientations_iPad = "UIInterfaceOrientationPortrait UIInterfaceOrientationPortraitUpsideDown UIInterfaceOrientationLandscapeLeft UIInterfaceOrientationLandscapeRight";
				INFOPLIST_KEY_UISupportedInterfaceOrientations_iPhone = "UIInterfaceOrientationPortrait UIInterfaceOrientationLandscapeLeft UIInterfaceOrientationLandscapeRight";
				IPHONEOS_DEPLOYMENT_TARGET = 17.0;
				LD_RUNPATH_SEARCH_PATHS = "@executable_path/Frameworks";
				"LD_RUNPATH_SEARCH_PATHS[sdk=macosx*]" = "@executable_path/../Frameworks";
				MACOSX_DEPLOYMENT_TARGET = 14.4;
				MARKETING_VERSION = 1.0;
				PRODUCT_BUNDLE_IDENTIFIER = "philipdaquin.proxycaller-ai";
				PRODUCT_NAME = "$(TARGET_NAME)";
				SDKROOT = auto;
				SUPPORTED_PLATFORMS = "iphoneos iphonesimulator macosx";
				SWIFT_EMIT_LOC_STRINGS = YES;
				SWIFT_VERSION = 5.0;
				TARGETED_DEVICE_FAMILY = "1,2";
			};
			name = Release;
		};
		2044F1392BF1CF5D006A6A6C /* Debug */ = {
			isa = XCBuildConfiguration;
			buildSettings = {
				ALWAYS_EMBED_SWIFT_STANDARD_LIBRARIES = YES;
				BUNDLE_LOADER = "$(TEST_HOST)";
				CODE_SIGN_STYLE = Automatic;
				CURRENT_PROJECT_VERSION = 1;
				DEAD_CODE_STRIPPING = YES;
				GENERATE_INFOPLIST_FILE = YES;
				IPHONEOS_DEPLOYMENT_TARGET = 17.4;
				MACOSX_DEPLOYMENT_TARGET = 14.4;
				MARKETING_VERSION = 1.0;
				PRODUCT_BUNDLE_IDENTIFIER = "philipdaquin.proxycaller-aiTests";
				PRODUCT_NAME = "$(TARGET_NAME)";
				SDKROOT = auto;
				SUPPORTED_PLATFORMS = "iphoneos iphonesimulator macosx";
				SWIFT_EMIT_LOC_STRINGS = NO;
				SWIFT_VERSION = 5.0;
				TARGETED_DEVICE_FAMILY = "1,2";
				TEST_HOST = "$(BUILT_PRODUCTS_DIR)/proxycaller-ai.app/$(BUNDLE_EXECUTABLE_FOLDER_PATH)/proxycaller-ai";
			};
			name = Debug;
		};
		2044F13A2BF1CF5D006A6A6C /* Release */ = {
			isa = XCBuildConfiguration;
			buildSettings = {
				ALWAYS_EMBED_SWIFT_STANDARD_LIBRARIES = YES;
				BUNDLE_LOADER = "$(TEST_HOST)";
				CODE_SIGN_STYLE = Automatic;
				CURRENT_PROJECT_VERSION = 1;
				DEAD_CODE_STRIPPING = YES;
				GENERATE_INFOPLIST_FILE = YES;
				IPHONEOS_DEPLOYMENT_TARGET = 17.4;
				MACOSX_DEPLOYMENT_TARGET = 14.4;
				MARKETING_VERSION = 1.0;
				PRODUCT_BUNDLE_IDENTIFIER = "philipdaquin.proxycaller-aiTests";
				PRODUCT_NAME = "$(TARGET_NAME)";
				SDKROOT = auto;
				SUPPORTED_PLATFORMS = "iphoneos iphonesimulator macosx";
				SWIFT_EMIT_LOC_STRINGS = NO;
				SWIFT_VERSION = 5.0;
				TARGETED_DEVICE_FAMILY = "1,2";
				TEST_HOST = "$(BUILT_PRODUCTS_DIR)/proxycaller-ai.app/$(BUNDLE_EXECUTABLE_FOLDER_PATH)/proxycaller-ai";
			};
			name = Release;
		};
		2044F13C2BF1CF5D006A6A6C /* Debug */ = {
			isa = XCBuildConfiguration;
			buildSettings = {
				ALWAYS_EMBED_SWIFT_STANDARD_LIBRARIES = YES;
				CODE_SIGN_STYLE = Automatic;
				CURRENT_PROJECT_VERSION = 1;
				DEAD_CODE_STRIPPING = YES;
				GENERATE_INFOPLIST_FILE = YES;
				IPHONEOS_DEPLOYMENT_TARGET = 17.4;
				MACOSX_DEPLOYMENT_TARGET = 14.4;
				MARKETING_VERSION = 1.0;
				PRODUCT_BUNDLE_IDENTIFIER = "philipdaquin.proxycaller-aiUITests";
				PRODUCT_NAME = "$(TARGET_NAME)";
				SDKROOT = auto;
				SUPPORTED_PLATFORMS = "iphoneos iphonesimulator macosx";
				SWIFT_EMIT_LOC_STRINGS = NO;
				SWIFT_VERSION = 5.0;
				TARGETED_DEVICE_FAMILY = "1,2";
				TEST_TARGET_NAME = "proxycaller-ai";
			};
			name = Debug;
		};
		2044F13D2BF1CF5D006A6A6C /* Release */ = {
			isa = XCBuildConfiguration;
			buildSettings = {
				ALWAYS_EMBED_SWIFT_STANDARD_LIBRARIES = YES;
				CODE_SIGN_STYLE = Automatic;
				CURRENT_PROJECT_VERSION = 1;
				DEAD_CODE_STRIPPING = YES;
				GENERATE_INFOPLIST_FILE = YES;
				IPHONEOS_DEPLOYMENT_TARGET = 17.4;
				MACOSX_DEPLOYMENT_TARGET = 14.4;
				MARKETING_VERSION = 1.0;
				PRODUCT_BUNDLE_IDENTIFIER = "philipdaquin.proxycaller-aiUITests";
				PRODUCT_NAME = "$(TARGET_NAME)";
				SDKROOT = auto;
				SUPPORTED_PLATFORMS = "iphoneos iphonesimulator macosx";
				SWIFT_EMIT_LOC_STRINGS = NO;
				SWIFT_VERSION = 5.0;
				TARGETED_DEVICE_FAMILY = "1,2";
				TEST_TARGET_NAME = "proxycaller-ai";
			};
			name = Release;
		};
/* End XCBuildConfiguration section */

/* Begin XCConfigurationList section */
		2044F10B2BF1CF5C006A6A6C /* Build configuration list for PBXProject "proxycaller-ai" */ = {
			isa = XCConfigurationList;
			buildConfigurations = (
				2044F1332BF1CF5D006A6A6C /* Debug */,
				2044F1342BF1CF5D006A6A6C /* Release */,
			);
			defaultConfigurationIsVisible = 0;
			defaultConfigurationName = Release;
		};
		2044F1352BF1CF5D006A6A6C /* Build configuration list for PBXNativeTarget "proxycaller-ai" */ = {
			isa = XCConfigurationList;
			buildConfigurations = (
				2044F1362BF1CF5D006A6A6C /* Debug */,
				2044F1372BF1CF5D006A6A6C /* Release */,
			);
			defaultConfigurationIsVisible = 0;
			defaultConfigurationName = Release;
		};
		2044F1382BF1CF5D006A6A6C /* Build configuration list for PBXNativeTarget "proxycaller-aiTests" */ = {
			isa = XCConfigurationList;
			buildConfigurations = (
				2044F1392BF1CF5D006A6A6C /* Debug */,
				2044F13A2BF1CF5D006A6A6C /* Release */,
			);
			defaultConfigurationIsVisible = 0;
			defaultConfigurationName = Release;
		};
		2044F13B2BF1CF5D006A6A6C /* Build configuration list for PBXNativeTarget "proxycaller-aiUITests" */ = {
			isa = XCConfigurationList;
			buildConfigurations = (
				2044F13C2BF1CF5D006A6A6C /* Debug */,
				2044F13D2BF1CF5D006A6A6C /* Release */,
			);
			defaultConfigurationIsVisible = 0;
			defaultConfigurationName = Release;
		};
/* End XCConfigurationList section */
	};
	rootObject = 2044F1082BF1CF5C006A6A6C /* Project object */;
}
